// !$*UTF8*$!
{
	archiveVersion = 1;
	classes = {
	};
	objectVersion = 50;
	objects = {

/* Begin PBXBuildFile section */
		7248C59D265D33F1002853F0 /* expressjsonApp.swift in Sources */ = {isa = PBXBuildFile; fileRef = 7248C59C265D33F1002853F0 /* expressjsonApp.swift */; };
		7248C59F265D33F1002853F0 /* ContentView.swift in Sources */ = {isa = PBXBuildFile; fileRef = 7248C59E265D33F1002853F0 /* ContentView.swift */; };
		7248C5A1265D33F2002853F0 /* Assets.xcassets in Resources */ = {isa = PBXBuildFile; fileRef = 7248C5A0265D33F2002853F0 /* Assets.xcassets */; };
		7248C5A4265D33F2002853F0 /* Preview Assets.xcassets in Resources */ = {isa = PBXBuildFile; fileRef = 7248C5A3265D33F2002853F0 /* Preview Assets.xcassets */; };
		7248C5AF265D33F2002853F0 /* expressjsonTests.swift in Sources */ = {isa = PBXBuildFile; fileRef = 7248C5AE265D33F2002853F0 /* expressjsonTests.swift */; };
		7248C5BA265D33F2002853F0 /* expressjsonUITests.swift in Sources */ = {isa = PBXBuildFile; fileRef = 7248C5B9265D33F2002853F0 /* expressjsonUITests.swift */; };
		7248C5CC265D3483002853F0 /* userModel.swift in Sources */ = {isa = PBXBuildFile; fileRef = 7248C5CB265D3483002853F0 /* userModel.swift */; };
		7248C5D4265D34E6002853F0 /* userViewModel.swift in Sources */ = {isa = PBXBuildFile; fileRef = 7248C5D3265D34E6002853F0 /* userViewModel.swift */; };
/* End PBXBuildFile section */

/* Begin PBXContainerItemProxy section */
		7248C5AB265D33F2002853F0 /* PBXContainerItemProxy */ = {
			isa = PBXContainerItemProxy;
			containerPortal = 7248C591265D33F1002853F0 /* Project object */;
			proxyType = 1;
			remoteGlobalIDString = 7248C598265D33F1002853F0;
			remoteInfo = expressjson;
		};
		7248C5B6265D33F2002853F0 /* PBXContainerItemProxy */ = {
			isa = PBXContainerItemProxy;
			containerPortal = 7248C591265D33F1002853F0 /* Project object */;
			proxyType = 1;
			remoteGlobalIDString = 7248C598265D33F1002853F0;
			remoteInfo = expressjson;
		};
/* End PBXContainerItemProxy section */

/* Begin PBXFileReference section */
		7248C599265D33F1002853F0 /* expressjson.app */ = {isa = PBXFileReference; explicitFileType = wrapper.application; includeInIndex = 0; path = expressjson.app; sourceTree = BUILT_PRODUCTS_DIR; };
		7248C59C265D33F1002853F0 /* expressjsonApp.swift */ = {isa = PBXFileReference; lastKnownFileType = sourcecode.swift; path = expressjsonApp.swift; sourceTree = "<group>"; };
		7248C59E265D33F1002853F0 /* ContentView.swift */ = {isa = PBXFileReference; lastKnownFileType = sourcecode.swift; path = ContentView.swift; sourceTree = "<group>"; };
		7248C5A0265D33F2002853F0 /* Assets.xcassets */ = {isa = PBXFileReference; lastKnownFileType = folder.assetcatalog; path = Assets.xcassets; sourceTree = "<group>"; };
		7248C5A3265D33F2002853F0 /* Preview Assets.xcassets */ = {isa = PBXFileReference; lastKnownFileType = folder.assetcatalog; path = "Preview Assets.xcassets"; sourceTree = "<group>"; };
		7248C5A5265D33F2002853F0 /* Info.plist */ = {isa = PBXFileReference; lastKnownFileType = text.plist.xml; path = Info.plist; sourceTree = "<group>"; };
		7248C5AA265D33F2002853F0 /* expressjsonTests.xctest */ = {isa = PBXFileReference; explicitFileType = wrapper.cfbundle; includeInIndex = 0; path = expressjsonTests.xctest; sourceTree = BUILT_PRODUCTS_DIR; };
		7248C5AE265D33F2002853F0 /* expressjsonTests.swift */ = {isa = PBXFileReference; lastKnownFileType = sourcecode.swift; path = expressjsonTests.swift; sourceTree = "<group>"; };
		7248C5B0265D33F2002853F0 /* Info.plist */ = {isa = PBXFileReference; lastKnownFileType = text.plist.xml; path = Info.plist; sourceTree = "<group>"; };
		7248C5B5265D33F2002853F0 /* expressjsonUITests.xctest */ = {isa = PBXFileReference; explicitFileType = wrapper.cfbundle; includeInIndex = 0; path = expressjsonUITests.xctest; sourceTree = BUILT_PRODUCTS_DIR; };
		7248C5B9265D33F2002853F0 /* expressjsonUITests.swift */ = {isa = PBXFileReference; lastKnownFileType = sourcecode.swift; path = expressjsonUITests.swift; sourceTree = "<group>"; };
		7248C5BB265D33F2002853F0 /* Info.plist */ = {isa = PBXFileReference; lastKnownFileType = text.plist.xml; path = Info.plist; sourceTree = "<group>"; };
		7248C5CB265D3483002853F0 /* userModel.swift */ = {isa = PBXFileReference; lastKnownFileType = sourcecode.swift; path = userModel.swift; sourceTree = "<group>"; };
		7248C5D3265D34E6002853F0 /* userViewModel.swift */ = {isa = PBXFileReference; lastKnownFileType = sourcecode.swift; path = userViewModel.swift; sourceTree = "<group>"; };
/* End PBXFileReference section */

/* Begin PBXFrameworksBuildPhase section */
		7248C596265D33F1002853F0 /* Frameworks */ = {
			isa = PBXFrameworksBuildPhase;
			buildActionMask = 2147483647;
			files = (
			);
			runOnlyForDeploymentPostprocessing = 0;
		};
		7248C5A7265D33F2002853F0 /* Frameworks */ = {
			isa = PBXFrameworksBuildPhase;
			buildActionMask = 2147483647;
			files = (
			);
			runOnlyForDeploymentPostprocessing = 0;
		};
		7248C5B2265D33F2002853F0 /* Frameworks */ = {
			isa = PBXFrameworksBuildPhase;
			buildActionMask = 2147483647;
			files = (
			);
			runOnlyForDeploymentPostprocessing = 0;
		};
/* End PBXFrameworksBuildPhase section */

/* Begin PBXGroup section */
		7248C590265D33F1002853F0 = {
			isa = PBXGroup;
			children = (
				7248C59B265D33F1002853F0 /* expressjson */,
				7248C5AD265D33F2002853F0 /* expressjsonTests */,
				7248C5B8265D33F2002853F0 /* expressjsonUITests */,
				7248C59A265D33F1002853F0 /* Products */,
			);
			sourceTree = "<group>";
		};
		7248C59A265D33F1002853F0 /* Products */ = {
			isa = PBXGroup;
			children = (
				7248C599265D33F1002853F0 /* expressjson.app */,
				7248C5AA265D33F2002853F0 /* expressjsonTests.xctest */,
				7248C5B5265D33F2002853F0 /* expressjsonUITests.xctest */,
			);
			name = Products;
			sourceTree = "<group>";
		};
		7248C59B265D33F1002853F0 /* expressjson */ = {
			isa = PBXGroup;
			children = (
				7248C59C265D33F1002853F0 /* expressjsonApp.swift */,
				7248C59E265D33F1002853F0 /* ContentView.swift */,
				7248C5A0265D33F2002853F0 /* Assets.xcassets */,
				7248C5A5265D33F2002853F0 /* Info.plist */,
				7248C5A2265D33F2002853F0 /* Preview Content */,
				7248C5CB265D3483002853F0 /* userModel.swift */,
				7248C5D3265D34E6002853F0 /* userViewModel.swift */,
			);
			path = expressjson;
			sourceTree = "<group>";
		};
		7248C5A2265D33F2002853F0 /* Preview Content */ = {
			isa = PBXGroup;
			children = (
				7248C5A3265D33F2002853F0 /* Preview Assets.xcassets */,
			);
			path = "Preview Content";
			sourceTree = "<group>";
		};
		7248C5AD265D33F2002853F0 /* expressjsonTests */ = {
			isa = PBXGroup;
			children = (
				7248C5AE265D33F2002853F0 /* expressjsonTests.swift */,
				7248C5B0265D33F2002853F0 /* Info.plist */,
			);
			path = expressjsonTests;
			sourceTree = "<group>";
		};
		7248C5B8265D33F2002853F0 /* expressjsonUITests */ = {
			isa = PBXGroup;
			children = (
				7248C5B9265D33F2002853F0 /* expressjsonUITests.swift */,
				7248C5BB265D33F2002853F0 /* Info.plist */,
			);
			path = expressjsonUITests;
			sourceTree = "<group>";
		};
/* End PBXGroup section */

/* Begin PBXNativeTarget section */
		7248C598265D33F1002853F0 /* expressjson */ = {
			isa = PBXNativeTarget;
			buildConfigurationList = 7248C5BE265D33F2002853F0 /* Build configuration list for PBXNativeTarget "expressjson" */;
			buildPhases = (
				7248C595265D33F1002853F0 /* Sources */,
				7248C596265D33F1002853F0 /* Frameworks */,
				7248C597265D33F1002853F0 /* Resources */,
			);
			buildRules = (
			);
			dependencies = (
			);
			name = expressjson;
			productName = expressjson;
			productReference = 7248C599265D33F1002853F0 /* expressjson.app */;
			productType = "com.apple.product-type.application";
		};
		7248C5A9265D33F2002853F0 /* expressjsonTests */ = {
			isa = PBXNativeTarget;
			buildConfigurationList = 7248C5C1265D33F2002853F0 /* Build configuration list for PBXNativeTarget "expressjsonTests" */;
			buildPhases = (
				7248C5A6265D33F2002853F0 /* Sources */,
				7248C5A7265D33F2002853F0 /* Frameworks */,
				7248C5A8265D33F2002853F0 /* Resources */,
			);
			buildRules = (
			);
			dependencies = (
				7248C5AC265D33F2002853F0 /* PBXTargetDependency */,
			);
			name = expressjsonTests;
			productName = expressjsonTests;
			productReference = 7248C5AA265D33F2002853F0 /* expressjsonTests.xctest */;
			productType = "com.apple.product-type.bundle.unit-test";
		};
		7248C5B4265D33F2002853F0 /* expressjsonUITests */ = {
			isa = PBXNativeTarget;
			buildConfigurationList = 7248C5C4265D33F2002853F0 /* Build configuration list for PBXNativeTarget "expressjsonUITests" */;
			buildPhases = (
				7248C5B1265D33F2002853F0 /* Sources */,
				7248C5B2265D33F2002853F0 /* Frameworks */,
				7248C5B3265D33F2002853F0 /* Resources */,
			);
			buildRules = (
			);
			dependencies = (
				7248C5B7265D33F2002853F0 /* PBXTargetDependency */,
			);
			name = expressjsonUITests;
			productName = expressjsonUITests;
			productReference = 7248C5B5265D33F2002853F0 /* expressjsonUITests.xctest */;
			productType = "com.apple.product-type.bundle.ui-testing";
		};
/* End PBXNativeTarget section */

/* Begin PBXProject section */
		7248C591265D33F1002853F0 /* Project object */ = {
			isa = PBXProject;
			attributes = {
				LastSwiftUpdateCheck = 1230;
				LastUpgradeCheck = 1230;
				TargetAttributes = {
					7248C598265D33F1002853F0 = {
						CreatedOnToolsVersion = 12.3;
					};
					7248C5A9265D33F2002853F0 = {
						CreatedOnToolsVersion = 12.3;
						TestTargetID = 7248C598265D33F1002853F0;
					};
					7248C5B4265D33F2002853F0 = {
						CreatedOnToolsVersion = 12.3;
						TestTargetID = 7248C598265D33F1002853F0;
					};
				};
			};
			buildConfigurationList = 7248C594265D33F1002853F0 /* Build configuration list for PBXProject "expressjson" */;
			compatibilityVersion = "Xcode 9.3";
			developmentRegion = en;
			hasScannedForEncodings = 0;
			knownRegions = (
				en,
				Base,
			);
			mainGroup = 7248C590265D33F1002853F0;
			productRefGroup = 7248C59A265D33F1002853F0 /* Products */;
			projectDirPath = "";
			projectRoot = "";
			targets = (
				7248C598265D33F1002853F0 /* expressjson */,
				7248C5A9265D33F2002853F0 /* expressjsonTests */,
				7248C5B4265D33F2002853F0 /* expressjsonUITests */,
			);
		};
/* End PBXProject section */

/* Begin PBXResourcesBuildPhase section */
		7248C597265D33F1002853F0 /* Resources */ = {
			isa = PBXResourcesBuildPhase;
			buildActionMask = 2147483647;
			files = (
				7248C5A4265D33F2002853F0 /* Preview Assets.xcassets in Resources */,
				7248C5A1265D33F2002853F0 /* Assets.xcassets in Resources */,
			);
			runOnlyForDeploymentPostprocessing = 0;
		};
		7248C5A8265D33F2002853F0 /* Resources */ = {
			isa = PBXResourcesBuildPhase;
			buildActionMask = 2147483647;
			files = (
			);
			runOnlyForDeploymentPostprocessing = 0;
		};
		7248C5B3265D33F2002853F0 /* Resources */ = {
			isa = PBXResourcesBuildPhase;
			buildActionMask = 2147483647;
			files = (
			);
			runOnlyForDeploymentPostprocessing = 0;
		};
/* End PBXResourcesBuildPhase section */

/* Begin PBXSourcesBuildPhase section */
		7248C595265D33F1002853F0 /* Sources */ = {
			isa = PBXSourcesBuildPhase;
			buildActionMask = 2147483647;
			files = (
				7248C59F265D33F1002853F0 /* ContentView.swift in Sources */,
				7248C5D4265D34E6002853F0 /* userViewModel.swift in Sources */,
				7248C59D265D33F1002853F0 /* expressjsonApp.swift in Sources */,
				7248C5CC265D3483002853F0 /* userModel.swift in Sources */,
			);
			runOnlyForDeploymentPostprocessing = 0;
		};
		7248C5A6265D33F2002853F0 /* Sources */ = {
			isa = PBXSourcesBuildPhase;
			buildActionMask = 2147483647;
			files = (
				7248C5AF265D33F2002853F0 /* expressjsonTests.swift in Sources */,
			);
			runOnlyForDeploymentPostprocessing = 0;
		};
		7248C5B1265D33F2002853F0 /* Sources */ = {
			isa = PBXSourcesBuildPhase;
			buildActionMask = 2147483647;
			files = (
				7248C5BA265D33F2002853F0 /* expressjsonUITests.swift in Sources */,
			);
			runOnlyForDeploymentPostprocessing = 0;
		};
/* End PBXSourcesBuildPhase section */

/* Begin PBXTargetDependency section */
		7248C5AC265D33F2002853F0 /* PBXTargetDependency */ = {
			isa = PBXTargetDependency;
			target = 7248C598265D33F1002853F0 /* expressjson */;
			targetProxy = 7248C5AB265D33F2002853F0 /* PBXContainerItemProxy */;
		};
		7248C5B7265D33F2002853F0 /* PBXTargetDependency */ = {
			isa = PBXTargetDependency;
			target = 7248C598265D33F1002853F0 /* expressjson */;
			targetProxy = 7248C5B6265D33F2002853F0 /* PBXContainerItemProxy */;
		};
/* End PBXTargetDependency section */

/* Begin XCBuildConfiguration section */
		7248C5BC265D33F2002853F0 /* Debug */ = {
			isa = XCBuildConfiguration;
			buildSettings = {
				ALWAYS_SEARCH_USER_PATHS = NO;
				CLANG_ANALYZER_NONNULL = YES;
				CLANG_ANALYZER_NUMBER_OBJECT_CONVERSION = YES_AGGRESSIVE;
				CLANG_CXX_LANGUAGE_STANDARD = "gnu++14";
				CLANG_CXX_LIBRARY = "libc++";
				CLANG_ENABLE_MODULES = YES;
				CLANG_ENABLE_OBJC_ARC = YES;
				CLANG_ENABLE_OBJC_WEAK = YES;
				CLANG_WARN_BLOCK_CAPTURE_AUTORELEASING = YES;
				CLANG_WARN_BOOL_CONVERSION = YES;
				CLANG_WARN_COMMA = YES;
				CLANG_WARN_CONSTANT_CONVERSION = YES;
				CLANG_WARN_DEPRECATED_OBJC_IMPLEMENTATIONS = YES;
				CLANG_WARN_DIRECT_OBJC_ISA_USAGE = YES_ERROR;
				CLANG_WARN_DOCUMENTATION_COMMENTS = YES;
				CLANG_WARN_EMPTY_BODY = YES;
				CLANG_WARN_ENUM_CONVERSION = YES;
				CLANG_WARN_INFINITE_RECURSION = YES;
				CLANG_WARN_INT_CONVERSION = YES;
				CLANG_WARN_NON_LITERAL_NULL_CONVERSION = YES;
				CLANG_WARN_OBJC_IMPLICIT_RETAIN_SELF = YES;
				CLANG_WARN_OBJC_LITERAL_CONVERSION = YES;
				CLANG_WARN_OBJC_ROOT_CLASS = YES_ERROR;
				CLANG_WARN_QUOTED_INCLUDE_IN_FRAMEWORK_HEADER = YES;
				CLANG_WARN_RANGE_LOOP_ANALYSIS = YES;
				CLANG_WARN_STRICT_PROTOTYPES = YES;
				CLANG_WARN_SUSPICIOUS_MOVE = YES;
				CLANG_WARN_UNGUARDED_AVAILABILITY = YES_AGGRESSIVE;
				CLANG_WARN_UNREACHABLE_CODE = YES;
				CLANG_WARN__DUPLICATE_METHOD_MATCH = YES;
				COPY_PHASE_STRIP = NO;
				DEBUG_INFORMATION_FORMAT = dwarf;
				ENABLE_STRICT_OBJC_MSGSEND = YES;
				ENABLE_TESTABILITY = YES;
				GCC_C_LANGUAGE_STANDARD = gnu11;
				GCC_DYNAMIC_NO_PIC = NO;
				GCC_NO_COMMON_BLOCKS = YES;
				GCC_OPTIMIZATION_LEVEL = 0;
				GCC_PREPROCESSOR_DEFINITIONS = (
					"DEBUG=1",
					"$(inherited)",
				);
				GCC_WARN_64_TO_32_BIT_CONVERSION = YES;
				GCC_WARN_ABOUT_RETURN_TYPE = YES_ERROR;
				GCC_WARN_UNDECLARED_SELECTOR = YES;
				GCC_WARN_UNINITIALIZED_AUTOS = YES_AGGRESSIVE;
				GCC_WARN_UNUSED_FUNCTION = YES;
				GCC_WARN_UNUSED_VARIABLE = YES;
				IPHONEOS_DEPLOYMENT_TARGET = 14.3;
				MTL_ENABLE_DEBUG_INFO = INCLUDE_SOURCE;
				MTL_FAST_MATH = YES;
				ONLY_ACTIVE_ARCH = YES;
				SDKROOT = iphoneos;
				SWIFT_ACTIVE_COMPILATION_CONDITIONS = DEBUG;
				SWIFT_OPTIMIZATION_LEVEL = "-Onone";
			};
			name = Debug;
		};
		7248C5BD265D33F2002853F0 /* Release */ = {
			isa = XCBuildConfiguration;
			buildSettings = {
				ALWAYS_SEARCH_USER_PATHS = NO;
				CLANG_ANALYZER_NONNULL = YES;
				CLANG_ANALYZER_NUMBER_OBJECT_CONVERSION = YES_AGGRESSIVE;
				CLANG_CXX_LANGUAGE_STANDARD = "gnu++14";
				CLANG_CXX_LIBRARY = "libc++";
				CLANG_ENABLE_MODULES = YES;
				CLANG_ENABLE_OBJC_ARC = YES;
				CLANG_ENABLE_OBJC_WEAK = YES;
				CLANG_WARN_BLOCK_CAPTURE_AUTORELEASING = YES;
				CLANG_WARN_BOOL_CONVERSION = YES;
				CLANG_WARN_COMMA = YES;
				CLANG_WARN_CONSTANT_CONVERSION = YES;
				CLANG_WARN_DEPRECATED_OBJC_IMPLEMENTATIONS = YES;
				CLANG_WARN_DIRECT_OBJC_ISA_USAGE = YES_ERROR;
				CLANG_WARN_DOCUMENTATION_COMMENTS = YES;
				CLANG_WARN_EMPTY_BODY = YES;
				CLANG_WARN_ENUM_CONVERSION = YES;
				CLANG_WARN_INFINITE_RECURSION = YES;
				CLANG_WARN_INT_CONVERSION = YES;
				CLANG_WARN_NON_LITERAL_NULL_CONVERSION = YES;
				CLANG_WARN_OBJC_IMPLICIT_RETAIN_SELF = YES;
				CLANG_WARN_OBJC_LITERAL_CONVERSION = YES;
				CLANG_WARN_OBJC_ROOT_CLASS = YES_ERROR;
				CLANG_WARN_QUOTED_INCLUDE_IN_FRAMEWORK_HEADER = YES;
				CLANG_WARN_RANGE_LOOP_ANALYSIS = YES;
				CLANG_WARN_STRICT_PROTOTYPES = YES;
				CLANG_WARN_SUSPICIOUS_MOVE = YES;
				CLANG_WARN_UNGUARDED_AVAILABILITY = YES_AGGRESSIVE;
				CLANG_WARN_UNREACHABLE_CODE = YES;
				CLANG_WARN__DUPLICATE_METHOD_MATCH = YES;
				COPY_PHASE_STRIP = NO;
				DEBUG_INFORMATION_FORMAT = "dwarf-with-dsym";
				ENABLE_NS_ASSERTIONS = NO;
				ENABLE_STRICT_OBJC_MSGSEND = YES;
				GCC_C_LANGUAGE_STANDARD = gnu11;
				GCC_NO_COMMON_BLOCKS = YES;
				GCC_WARN_64_TO_32_BIT_CONVERSION = YES;
				GCC_WARN_ABOUT_RETURN_TYPE = YES_ERROR;
				GCC_WARN_UNDECLARED_SELECTOR = YES;
				GCC_WARN_UNINITIALIZED_AUTOS = YES_AGGRESSIVE;
				GCC_WARN_UNUSED_FUNCTION = YES;
				GCC_WARN_UNUSED_VARIABLE = YES;
				IPHONEOS_DEPLOYMENT_TARGET = 14.3;
				MTL_ENABLE_DEBUG_INFO = NO;
				MTL_FAST_MATH = YES;
				SDKROOT = iphoneos;
				SWIFT_COMPILATION_MODE = wholemodule;
				SWIFT_OPTIMIZATION_LEVEL = "-O";
				VALIDATE_PRODUCT = YES;
			};
			name = Release;
		};
		7248C5BF265D33F2002853F0 /* Debug */ = {
			isa = XCBuildConfiguration;
			buildSettings = {
				ASSETCATALOG_COMPILER_APPICON_NAME = AppIcon;
				ASSETCATALOG_COMPILER_GLOBAL_ACCENT_COLOR_NAME = AccentColor;
				CODE_SIGN_STYLE = Automatic;
				DEVELOPMENT_ASSET_PATHS = "\"expressjson/Preview Content\"";
				DEVELOPMENT_TEAM = HLBGUUDZCN;
				ENABLE_PREVIEWS = YES;
				INFOPLIST_FILE = expressjson/Info.plist;
				IPHONEOS_DEPLOYMENT_TARGET = 14.0;
				LD_RUNPATH_SEARCH_PATHS = (
					"$(inherited)",
					"@executable_path/Frameworks",
				);
				PRODUCT_BUNDLE_IDENTIFIER = kuehar.expressjson;
				PRODUCT_NAME = "$(TARGET_NAME)";
				SWIFT_VERSION = 5.0;
				TARGETED_DEVICE_FAMILY = "1,2";
			};
			name = Debug;
		};
		7248C5C0265D33F2002853F0 /* Release */ = {
			isa = XCBuildConfiguration;
			buildSettings = {
				ASSETCATALOG_COMPILER_APPICON_NAME = AppIcon;
				ASSETCATALOG_COMPILER_GLOBAL_ACCENT_COLOR_NAME = AccentColor;
				CODE_SIGN_STYLE = Automatic;
				DEVELOPMENT_ASSET_PATHS = "\"expressjson/Preview Content\"";
				DEVELOPMENT_TEAM = HLBGUUDZCN;
				ENABLE_PREVIEWS = YES;
				INFOPLIST_FILE = expressjson/Info.plist;
				IPHONEOS_DEPLOYMENT_TARGET = 14.0;
				LD_RUNPATH_SEARCH_PATHS = (
					"$(inherited)",
					"@executable_path/Frameworks",
				);
				PRODUCT_BUNDLE_IDENTIFIER = kuehar.expressjson;
				PRODUCT_NAME = "$(TARGET_NAME)";
				SWIFT_VERSION = 5.0;
				TARGETED_DEVICE_FAMILY = "1,2";
			};
			name = Release;
		};
		7248C5C2265D33F2002853F0 /* Debug */ = {
			isa = XCBuildConfiguration;
			buildSettings = {
				ALWAYS_EMBED_SWIFT_STANDARD_LIBRARIES = YES;
				BUNDLE_LOADER = "$(TEST_HOST)";
				CODE_SIGN_STYLE = Automatic;
				DEVELOPMENT_TEAM = HLBGUUDZCN;
				INFOPLIST_FILE = expressjsonTests/Info.plist;
				IPHONEOS_DEPLOYMENT_TARGET = 14.0;
				LD_RUNPATH_SEARCH_PATHS = (
					"$(inherited)",
					"@executable_path/Frameworks",
					"@loader_path/Frameworks",
				);
				PRODUCT_BUNDLE_IDENTIFIER = kuehar.expressjsonTests;
				PRODUCT_NAME = "$(TARGET_NAME)";
				SWIFT_VERSION = 5.0;
				TARGETED_DEVICE_FAMILY = "1,2";
				TEST_HOST = "$(BUILT_PRODUCTS_DIR)/expressjson.app/expressjson";
			};
			name = Debug;
		};
		7248C5C3265D33F2002853F0 /* Release */ = {
			isa = XCBuildConfiguration;
			buildSettings = {
				ALWAYS_EMBED_SWIFT_STANDARD_LIBRARIES = YES;
				BUNDLE_LOADER = "$(TEST_HOST)";
				CODE_SIGN_STYLE = Automatic;
				DEVELOPMENT_TEAM = HLBGUUDZCN;
				INFOPLIST_FILE = expressjsonTests/Info.plist;
				IPHONEOS_DEPLOYMENT_TARGET = 14.0;
				LD_RUNPATH_SEARCH_PATHS = (
					"$(inherited)",
					"@executable_path/Frameworks",
					"@loader_path/Frameworks",
				);
				PRODUCT_BUNDLE_IDENTIFIER = kuehar.expressjsonTests;
				PRODUCT_NAME = "$(TARGET_NAME)";
				SWIFT_VERSION = 5.0;
				TARGETED_DEVICE_FAMILY = "1,2";
				TEST_HOST = "$(BUILT_PRODUCTS_DIR)/expressjson.app/expressjson";
			};
			name = Release;
		};
		7248C5C5265D33F2002853F0 /* Debug */ = {
			isa = XCBuildConfiguration;
			buildSettings = {
				ALWAYS_EMBED_SWIFT_STANDARD_LIBRARIES = YES;
				CODE_SIGN_STYLE = Automatic;
				DEVELOPMENT_TEAM = HLBGUUDZCN;
				INFOPLIST_FILE = expressjsonUITests/Info.plist;
				LD_RUNPATH_SEARCH_PATHS = (
					"$(inherited)",
					"@executable_path/Frameworks",
					"@loader_path/Frameworks",
				);
				PRODUCT_BUNDLE_IDENTIFIER = kuehar.expressjsonUITests;
				PRODUCT_NAME = "$(TARGET_NAME)";
				SWIFT_VERSION = 5.0;
				TARGETED_DEVICE_FAMILY = "1,2";
				TEST_TARGET_NAME = expressjson;
			};
			name = Debug;
		};
		7248C5C6265D33F2002853F0 /* Release */ = {
			isa = XCBuildConfiguration;
			buildSettings = {
				ALWAYS_EMBED_SWIFT_STANDARD_LIBRARIES = YES;
				CODE_SIGN_STYLE = Automatic;
				DEVELOPMENT_TEAM = HLBGUUDZCN;
				INFOPLIST_FILE = expressjsonUITests/Info.plist;
				LD_RUNPATH_SEARCH_PATHS = (
					"$(inherited)",
					"@executable_path/Frameworks",
					"@loader_path/Frameworks",
				);
				PRODUCT_BUNDLE_IDENTIFIER = kuehar.expressjsonUITests;
				PRODUCT_NAME = "$(TARGET_NAME)";
				SWIFT_VERSION = 5.0;
				TARGETED_DEVICE_FAMILY = "1,2";
				TEST_TARGET_NAME = expressjson;
			};
			name = Release;
		};
/* End XCBuildConfiguration section */

/* Begin XCConfigurationList section */
		7248C594265D33F1002853F0 /* Build configuration list for PBXProject "expressjson" */ = {
			isa = XCConfigurationList;
			buildConfigurations = (
				7248C5BC265D33F2002853F0 /* Debug */,
				7248C5BD265D33F2002853F0 /* Release */,
			);
			defaultConfigurationIsVisible = 0;
			defaultConfigurationName = Release;
		};
		7248C5BE265D33F2002853F0 /* Build configuration list for PBXNativeTarget "expressjson" */ = {
			isa = XCConfigurationList;
			buildConfigurations = (
				7248C5BF265D33F2002853F0 /* Debug */,
				7248C5C0265D33F2002853F0 /* Release */,
			);
			defaultConfigurationIsVisible = 0;
			defaultConfigurationName = Release;
		};
		7248C5C1265D33F2002853F0 /* Build configuration list for PBXNativeTarget "expressjsonTests" */ = {
			isa = XCConfigurationList;
			buildConfigurations = (
				7248C5C2265D33F2002853F0 /* Debug */,
				7248C5C3265D33F2002853F0 /* Release */,
			);
			defaultConfigurationIsVisible = 0;
			defaultConfigurationName = Release;
		};
		7248C5C4265D33F2002853F0 /* Build configuration list for PBXNativeTarget "expressjsonUITests" */ = {
			isa = XCConfigurationList;
			buildConfigurations = (
				7248C5C5265D33F2002853F0 /* Debug */,
				7248C5C6265D33F2002853F0 /* Release */,
			);
			defaultConfigurationIsVisible = 0;
			defaultConfigurationName = Release;
		};
/* End XCConfigurationList section */
	};
	rootObject = 7248C591265D33F1002853F0 /* Project object */;
}
